
Microsoft Visual Studio Solution File, Format Version 12.00
# Visual Studio Version 17
VisualStudioVersion = 17.4.33103.184
MinimumVisualStudioVersion = 10.0.40219.1
Project("{9A19103F-16F7-4668-BE54-9A1E7A4F7556}") = "CustomerProcessTest", "..\CustomerProcessTest\CustomerProcessTest.csproj", "{E9085614-93B3-428D-8E72-C898112C5120}"
EndProject
Project("{9A19103F-16F7-4668-BE54-9A1E7A4F7556}") = "CustomerProcess", "CustomerProcess.csproj", "{F177A416-FFA2-4C29-8602-7E50B6537A85}"
EndProject
Global
	GlobalSection(SolutionConfigurationPlatforms) = preSolution
		Debug|Any CPU = Debug|Any CPU
		Release|Any CPU = Release|Any CPU
	EndGlobalSection
	GlobalSection(ProjectConfigurationPlatforms) = postSolution
		{E9085614-93B3-428D-8E72-C898112C5120}.Debug|Any CPU.ActiveCfg = Debug|Any CPU
		{E9085614-93B3-428D-8E72-C898112C5120}.Debug|Any CPU.Build.0 = Debug|Any CPU
		{E9085614-93B3-428D-8E72-C898112C5120}.Release|Any CPU.ActiveCfg = Release|Any CPU
		{E9085614-93B3-428D-8E72-C898112C5120}.Release|Any CPU.Build.0 = Release|Any CPU
		{F177A416-FFA2-4C29-8602-7E50B6537A85}.Debug|Any CPU.ActiveCfg = Debug|Any CPU
		{F177A416-FFA2-4C29-8602-7E50B6537A85}.Debug|Any CPU.Build.0 = Debug|Any CPU
		{F177A416-FFA2-4C29-8602-7E50B6537A85}.Release|Any CPU.ActiveCfg = Release|Any CPU
		{F177A416-FFA2-4C29-8602-7E50B6537A85}.Release|Any CPU.Build.0 = Release|Any CPU
	EndGlobalSection
	GlobalSection(SolutionProperties) = preSolution
		HideSolutionNode = FALSE
	EndGlobalSection
	GlobalSection(ExtensibilityGlobals) = postSolution
		SolutionGuid = {EC24048F-0268-40FF-BD52-AA416BF3322C}
	EndGlobalSection
EndGlobal
